hash: c30ea712100d21a90bc195c7cd4c39aa43e46d99229e7189f6044c729c6b11d4
updated: 2017-06-02T11:14:33.486489523-07:00
imports: []
testImports:
- name: github.com/axw/gocov
  version: 3a69a0d2a4ef1f263e2d92b041a69593d6964fe8
  subpackages:
  - gocov
- name: github.com/davecgh/go-spew
  version: 04cdfd42973bb9c8589fd6a731800cf222fde1a9
  subpackages:
  - spew
- name: github.com/golang/lint
  version: a5f4a247366d8fc436941822e14fc3eac7727015
  subpackages:
  - golint
- name: github.com/pmezard/go-difflib
  version: d8ed2627bdf02c080bf22230dbb337003b7aba2d
  subpackages:
  - difflib
- name: github.com/sectioneight/md-to-godoc
  version: 79157ff08f1acd5c5b1d13d71c0adb7908dbb8a2
- name: github.com/stretchr/testify
  version: f6abca593680b2315d2075e0f5e2a9751e3f431a
  subpackages:
  - assert
  - require
- name: golang.org/x/tools
  version: bc6db94186c03835daa5c1c679fba599dc1f3b79
  subpackages:
  - cover
