hash: 040b4e5fb0f016390f1ef861c7a74a1a7570d7163101d7535780938ecfcd0650
updated: 2017-05-26T14:47:24.698824964-07:00
imports: []
testImports:
- name: github.com/axw/gocov
  version: 3a69a0d2a4ef1f263e2d92b041a69593d6964fe8
  subpackages:
  - gocov
- name: github.com/davecgh/go-spew
  version: 04cdfd42973bb9c8589fd6a731800cf222fde1a9
  subpackages:
  - spew
- name: github.com/golang/lint
  version: a5f4a247366d8fc436941822e14fc3eac7727015
  subpackages:
  - golint
- name: github.com/mattn/goveralls
  version: a2cbbd7cdce4f5e051016fedf639c64bb05ef031
- name: github.com/pmezard/go-difflib
  version: d8ed2627bdf02c080bf22230dbb337003b7aba2d
  subpackages:
  - difflib
- name: github.com/sectioneight/md-to-godoc
  version: 79157ff08f1acd5c5b1d13d71c0adb7908dbb8a2
- name: github.com/stretchr/testify
  version: eb84487caee2d64c96bb5c6afb60fd4f631eb0f0
  subpackages:
  - assert
  - require
- name: golang.org/x/tools
  version: bf4b54dc687c73b6ef63de8b8abf0ad3951e3edc
  subpackages:
  - cover
